
Microsoft Visual Studio Solution File, Format Version 12.00
# Visual Studio Version 17
VisualStudioVersion = 17.2.32616.157
MinimumVisualStudioVersion = 10.0.40219.1
Project("{FAE04EC0-301F-11D3-BF4B-00C04F79EFBC}") = "RecruitmentSystemWebApplication", "RecruitmentSystemWebApplication.csproj", "{5B7F47B5-5384-4FAE-A6F5-20167F4E8CCD}"
EndProject
Global
	GlobalSection(SolutionConfigurationPlatforms) = preSolution
		Debug|Any CPU = Debug|Any CPU
		Release|Any CPU = Release|Any CPU
	EndGlobalSection
	GlobalSection(ProjectConfigurationPlatforms) = postSolution
		{5B7F47B5-5384-4FAE-A6F5-20167F4E8CCD}.Debug|Any CPU.ActiveCfg = Debug|Any CPU
		{5B7F47B5-5384-4FAE-A6F5-20167F4E8CCD}.Debug|Any CPU.Build.0 = Debug|Any CPU
		{5B7F47B5-5384-4FAE-A6F5-20167F4E8CCD}.Release|Any CPU.ActiveCfg = Release|Any CPU
		{5B7F47B5-5384-4FAE-A6F5-20167F4E8CCD}.Release|Any CPU.Build.0 = Release|Any CPU
	EndGlobalSection
	GlobalSection(SolutionProperties) = preSolution
		HideSolutionNode = FALSE
	EndGlobalSection
	GlobalSection(ExtensibilityGlobals) = postSolution
		SolutionGuid = {EC8190CC-A3DA-4900-A39D-350204AD77EC}
	EndGlobalSection
EndGlobal
